// !$*UTF8*$!
{
	archiveVersion = 1;
	classes = {
	};
	objectVersion = 46;
	objects = {

/* Begin PBXBuildFile section */
		0DA87EAAF59792453D0E2AB3 /* libPods-CITest.a in Frameworks */ = {isa = PBXBuildFile; fileRef = 27854FACD640E92254F9E85B /* libPods-CITest.a */; };
		FA245B9A1F20436B00B5F0D7 /* main.m in Sources */ = {isa = PBXBuildFile; fileRef = FA245B991F20436B00B5F0D7 /* main.m */; };
		FA245B9D1F20436B00B5F0D7 /* AppDelegate.m in Sources */ = {isa = PBXBuildFile; fileRef = FA245B9C1F20436B00B5F0D7 /* AppDelegate.m */; };
		FA245BA01F20436B00B5F0D7 /* ViewController.m in Sources */ = {isa = PBXBuildFile; fileRef = FA245B9F1F20436B00B5F0D7 /* ViewController.m */; };
		FA245BA31F20436B00B5F0D7 /* Main.storyboard in Resources */ = {isa = PBXBuildFile; fileRef = FA245BA11F20436B00B5F0D7 /* Main.storyboard */; };
		FA245BA51F20436B00B5F0D7 /* Assets.xcassets in Resources */ = {isa = PBXBuildFile; fileRef = FA245BA41F20436B00B5F0D7 /* Assets.xcassets */; };
		FA245BA81F20436B00B5F0D7 /* LaunchScreen.storyboard in Resources */ = {isa = PBXBuildFile; fileRef = FA245BA61F20436B00B5F0D7 /* LaunchScreen.storyboard */; };
/* End PBXBuildFile section */

/* Begin PBXFileReference section */
		27854FACD640E92254F9E85B /* libPods-CITest.a */ = {isa = PBXFileReference; explicitFileType = archive.ar; includeInIndex = 0; path = "libPods-CITest.a"; sourceTree = BUILT_PRODUCTS_DIR; };
		42F685C140D9C6FF202F386A /* Pods-CITest.debug.xcconfig */ = {isa = PBXFileReference; includeInIndex = 1; lastKnownFileType = text.xcconfig; name = "Pods-CITest.debug.xcconfig"; path = "Pods/Target Support Files/Pods-CITest/Pods-CITest.debug.xcconfig"; sourceTree = "<group>"; };
		DC35A714589DB18C4B4FA4D4 /* Pods-CITest.release.xcconfig */ = {isa = PBXFileReference; includeInIndex = 1; lastKnownFileType = text.xcconfig; name = "Pods-CITest.release.xcconfig"; path = "Pods/Target Support Files/Pods-CITest/Pods-CITest.release.xcconfig"; sourceTree = "<group>"; };
		FA245B951F20436B00B5F0D7 /* CITest.app */ = {isa = PBXFileReference; explicitFileType = wrapper.application; includeInIndex = 0; path = CITest.app; sourceTree = BUILT_PRODUCTS_DIR; };
		FA245B991F20436B00B5F0D7 /* main.m */ = {isa = PBXFileReference; lastKnownFileType = sourcecode.c.objc; path = main.m; sourceTree = "<group>"; };
		FA245B9B1F20436B00B5F0D7 /* AppDelegate.h */ = {isa = PBXFileReference; lastKnownFileType = sourcecode.c.h; path = AppDelegate.h; sourceTree = "<group>"; };
		FA245B9C1F20436B00B5F0D7 /* AppDelegate.m */ = {isa = PBXFileReference; lastKnownFileType = sourcecode.c.objc; path = AppDelegate.m; sourceTree = "<group>"; };
		FA245B9E1F20436B00B5F0D7 /* ViewController.h */ = {isa = PBXFileReference; lastKnownFileType = sourcecode.c.h; path = ViewController.h; sourceTree = "<group>"; };
		FA245B9F1F20436B00B5F0D7 /* ViewController.m */ = {isa = PBXFileReference; lastKnownFileType = sourcecode.c.objc; path = ViewController.m; sourceTree = "<group>"; };
		FA245BA21F20436B00B5F0D7 /* Base */ = {isa = PBXFileReference; lastKnownFileType = file.storyboard; name = Base; path = Base.lproj/Main.storyboard; sourceTree = "<group>"; };
		FA245BA41F20436B00B5F0D7 /* Assets.xcassets */ = {isa = PBXFileReference; lastKnownFileType = folder.assetcatalog; path = Assets.xcassets; sourceTree = "<group>"; };
		FA245BA71F20436B00B5F0D7 /* Base */ = {isa = PBXFileReference; lastKnownFileType = file.storyboard; name = Base; path = Base.lproj/LaunchScreen.storyboard; sourceTree = "<group>"; };
		FA245BA91F20436B00B5F0D7 /* Info.plist */ = {isa = PBXFileReference; lastKnownFileType = text.plist.xml; path = Info.plist; sourceTree = "<group>"; };
/* End PBXFileReference section */

/* Begin PBXFrameworksBuildPhase section */
		FA245B921F20436B00B5F0D7 /* Frameworks */ = {
			isa = PBXFrameworksBuildPhase;
			buildActionMask = 2147483647;
			files = (
				0DA87EAAF59792453D0E2AB3 /* libPods-CITest.a in Frameworks */,
			);
			runOnlyForDeploymentPostprocessing = 0;
		};
/* End PBXFrameworksBuildPhase section */

/* Begin PBXGroup section */
		1A93ED1F28FF4FBA5D3F90ED /* Frameworks */ = {
			isa = PBXGroup;
			children = (
				27854FACD640E92254F9E85B /* libPods-CITest.a */,
			);
			name = Frameworks;
			sourceTree = "<group>";
		};
		564B25E2A0892E331E9099EB /* Pods */ = {
			isa = PBXGroup;
			children = (
				42F685C140D9C6FF202F386A /* Pods-CITest.debug.xcconfig */,
				DC35A714589DB18C4B4FA4D4 /* Pods-CITest.release.xcconfig */,
			);
			name = Pods;
			sourceTree = "<group>";
		};
		FA245B8C1F20436B00B5F0D7 = {
			isa = PBXGroup;
			children = (
				FA245B971F20436B00B5F0D7 /* CITest */,
				FA245B961F20436B00B5F0D7 /* Products */,
				564B25E2A0892E331E9099EB /* Pods */,
				1A93ED1F28FF4FBA5D3F90ED /* Frameworks */,
			);
			sourceTree = "<group>";
		};
		FA245B961F20436B00B5F0D7 /* Products */ = {
			isa = PBXGroup;
			children = (
				FA245B951F20436B00B5F0D7 /* CITest.app */,
			);
			name = Products;
			sourceTree = "<group>";
		};
		FA245B971F20436B00B5F0D7 /* CITest */ = {
			isa = PBXGroup;
			children = (
				FA245B9B1F20436B00B5F0D7 /* AppDelegate.h */,
				FA245B9C1F20436B00B5F0D7 /* AppDelegate.m */,
				FA245B9E1F20436B00B5F0D7 /* ViewController.h */,
				FA245B9F1F20436B00B5F0D7 /* ViewController.m */,
				FA245BA11F20436B00B5F0D7 /* Main.storyboard */,
				FA245BA41F20436B00B5F0D7 /* Assets.xcassets */,
				FA245BA61F20436B00B5F0D7 /* LaunchScreen.storyboard */,
				FA245BA91F20436B00B5F0D7 /* Info.plist */,
				FA245B981F20436B00B5F0D7 /* Supporting Files */,
			);
			path = CITest;
			sourceTree = "<group>";
		};
		FA245B981F20436B00B5F0D7 /* Supporting Files */ = {
			isa = PBXGroup;
			children = (
				FA245B991F20436B00B5F0D7 /* main.m */,
			);
			name = "Supporting Files";
			sourceTree = "<group>";
		};
/* End PBXGroup section */

/* Begin PBXNativeTarget section */
		FA245B941F20436B00B5F0D7 /* CITest */ = {
			isa = PBXNativeTarget;
			buildConfigurationList = FA245BAC1F20436B00B5F0D7 /* Build configuration list for PBXNativeTarget "CITest" */;
			buildPhases = (
				9D262FE1DB8F02F796DCB265 /* [CP] Check Pods Manifest.lock */,
				FA245B911F20436B00B5F0D7 /* Sources */,
				FA245B921F20436B00B5F0D7 /* Frameworks */,
				FA245B931F20436B00B5F0D7 /* Resources */,
				897A5EBEBD9C2C3D84B4A5F1 /* [CP] Embed Pods Frameworks */,
				2AB444CC86C2A83A4A5C35EF /* [CP] Copy Pods Resources */,
			);
			buildRules = (
			);
			dependencies = (
			);
			name = CITest;
			productName = CITest;
			productReference = FA245B951F20436B00B5F0D7 /* CITest.app */;
			productType = "com.apple.product-type.application";
		};
/* End PBXNativeTarget section */

/* Begin PBXProject section */
		FA245B8D1F20436B00B5F0D7 /* Project object */ = {
			isa = PBXProject;
			attributes = {
				LastUpgradeCheck = 0830;
				ORGANIZATIONNAME = yeye;
				TargetAttributes = {
					FA245B941F20436B00B5F0D7 = {
						CreatedOnToolsVersion = 8.3.2;
						DevelopmentTeam = 862M8Q8C6F;
						ProvisioningStyle = Manual;
					};
				};
			};
			buildConfigurationList = FA245B901F20436B00B5F0D7 /* Build configuration list for PBXProject "CITest" */;
			compatibilityVersion = "Xcode 3.2";
			developmentRegion = English;
			hasScannedForEncodings = 0;
			knownRegions = (
				en,
				Base,
			);
			mainGroup = FA245B8C1F20436B00B5F0D7;
			productRefGroup = FA245B961F20436B00B5F0D7 /* Products */;
			projectDirPath = "";
			projectRoot = "";
			targets = (
				FA245B941F20436B00B5F0D7 /* CITest */,
			);
		};
/* End PBXProject section */

/* Begin PBXResourcesBuildPhase section */
		FA245B931F20436B00B5F0D7 /* Resources */ = {
			isa = PBXResourcesBuildPhase;
			buildActionMask = 2147483647;
			files = (
				FA245BA81F20436B00B5F0D7 /* LaunchScreen.storyboard in Resources */,
				FA245BA51F20436B00B5F0D7 /* Assets.xcassets in Resources */,
				FA245BA31F20436B00B5F0D7 /* Main.storyboard in Resources */,
			);
			runOnlyForDeploymentPostprocessing = 0;
		};
/* End PBXResourcesBuildPhase section */

/* Begin PBXShellScriptBuildPhase section */
		2AB444CC86C2A83A4A5C35EF /* [CP] Copy Pods Resources */ = {
			isa = PBXShellScriptBuildPhase;
			buildActionMask = 2147483647;
			files = (
			);
			inputPaths = (
			);
			name = "[CP] Copy Pods Resources";
			outputPaths = (
			);
			runOnlyForDeploymentPostprocessing = 0;
			shellPath = /bin/sh;
			shellScript = "\"${SRCROOT}/Pods/Target Support Files/Pods-CITest/Pods-CITest-resources.sh\"\n";
			showEnvVarsInLog = 0;
		};
		897A5EBEBD9C2C3D84B4A5F1 /* [CP] Embed Pods Frameworks */ = {
			isa = PBXShellScriptBuildPhase;
			buildActionMask = 2147483647;
			files = (
			);
			inputPaths = (
			);
			name = "[CP] Embed Pods Frameworks";
			outputPaths = (
			);
			runOnlyForDeploymentPostprocessing = 0;
			shellPath = /bin/sh;
			shellScript = "\"${SRCROOT}/Pods/Target Support Files/Pods-CITest/Pods-CITest-frameworks.sh\"\n";
			showEnvVarsInLog = 0;
		};
		9D262FE1DB8F02F796DCB265 /* [CP] Check Pods Manifest.lock */ = {
			isa = PBXShellScriptBuildPhase;
			buildActionMask = 2147483647;
			files = (
			);
			inputPaths = (
			);
			name = "[CP] Check Pods Manifest.lock";
			outputPaths = (
			);
			runOnlyForDeploymentPostprocessing = 0;
			shellPath = /bin/sh;
			shellScript = "diff \"${PODS_PODFILE_DIR_PATH}/Podfile.lock\" \"${PODS_ROOT}/Manifest.lock\" > /dev/null\nif [ $? != 0 ] ; then\n    # print error to STDERR\n    echo \"error: The sandbox is not in sync with the Podfile.lock. Run 'pod install' or update your CocoaPods installation.\" >&2\n    exit 1\nfi\n";
			showEnvVarsInLog = 0;
		};
/* End PBXShellScriptBuildPhase section */

/* Begin PBXSourcesBuildPhase section */
		FA245B911F20436B00B5F0D7 /* Sources */ = {
			isa = PBXSourcesBuildPhase;
			buildActionMask = 2147483647;
			files = (
				FA245BA01F20436B00B5F0D7 /* ViewController.m in Sources */,
				FA245B9D1F20436B00B5F0D7 /* AppDelegate.m in Sources */,
				FA245B9A1F20436B00B5F0D7 /* main.m in Sources */,
			);
			runOnlyForDeploymentPostprocessing = 0;
		};
/* End PBXSourcesBuildPhase section */

/* Begin PBXVariantGroup section */
		FA245BA11F20436B00B5F0D7 /* Main.storyboard */ = {
			isa = PBXVariantGroup;
			children = (
				FA245BA21F20436B00B5F0D7 /* Base */,
			);
			name = Main.storyboard;
			sourceTree = "<group>";
		};
		FA245BA61F20436B00B5F0D7 /* LaunchScreen.storyboard */ = {
			isa = PBXVariantGroup;
			children = (
				FA245BA71F20436B00B5F0D7 /* Base */,
			);
			name = LaunchScreen.storyboard;
			sourceTree = "<group>";
		};
/* End PBXVariantGroup section */

/* Begin XCBuildConfiguration section */
		FA245BAA1F20436B00B5F0D7 /* Debug */ = {
			isa = XCBuildConfiguration;
			buildSettings = {
				ALWAYS_SEARCH_USER_PATHS = NO;
				CLANG_ANALYZER_NONNULL = YES;
				CLANG_ANALYZER_NUMBER_OBJECT_CONVERSION = YES_AGGRESSIVE;
				CLANG_CXX_LANGUAGE_STANDARD = "gnu++0x";
				CLANG_CXX_LIBRARY = "libc++";
				CLANG_ENABLE_MODULES = YES;
				CLANG_ENABLE_OBJC_ARC = YES;
				CLANG_WARN_BOOL_CONVERSION = YES;
				CLANG_WARN_CONSTANT_CONVERSION = YES;
				CLANG_WARN_DIRECT_OBJC_ISA_USAGE = YES_ERROR;
				CLANG_WARN_DOCUMENTATION_COMMENTS = YES;
				CLANG_WARN_EMPTY_BODY = YES;
				CLANG_WARN_ENUM_CONVERSION = YES;
				CLANG_WARN_INFINITE_RECURSION = YES;
				CLANG_WARN_INT_CONVERSION = YES;
				CLANG_WARN_OBJC_ROOT_CLASS = YES_ERROR;
				CLANG_WARN_SUSPICIOUS_MOVE = YES;
				CLANG_WARN_UNREACHABLE_CODE = YES;
				CLANG_WARN__DUPLICATE_METHOD_MATCH = YES;
				"CODE_SIGN_IDENTITY[sdk=iphoneos*]" = "iPhone Developer";
				COPY_PHASE_STRIP = NO;
				DEBUG_INFORMATION_FORMAT = dwarf;
				ENABLE_STRICT_OBJC_MSGSEND = YES;
				ENABLE_TESTABILITY = YES;
				GCC_C_LANGUAGE_STANDARD = gnu99;
				GCC_DYNAMIC_NO_PIC = NO;
				GCC_NO_COMMON_BLOCKS = YES;
				GCC_OPTIMIZATION_LEVEL = 0;
				GCC_PREPROCESSOR_DEFINITIONS = (
					"DEBUG=1",
					"$(inherited)",
				);
				GCC_WARN_64_TO_32_BIT_CONVERSION = YES;
				GCC_WARN_ABOUT_RETURN_TYPE = YES_ERROR;
				GCC_WARN_UNDECLARED_SELECTOR = YES;
				GCC_WARN_UNINITIALIZED_AUTOS = YES_AGGRESSIVE;
				GCC_WARN_UNUSED_FUNCTION = YES;
				GCC_WARN_UNUSED_VARIABLE = YES;
				IPHONEOS_DEPLOYMENT_TARGET = 10.3;
				MTL_ENABLE_DEBUG_INFO = YES;
				ONLY_ACTIVE_ARCH = YES;
				SDKROOT = iphoneos;
			};
			name = Debug;
		};
		FA245BAB1F20436B00B5F0D7 /* Release */ = {
			isa = XCBuildConfiguration;
			buildSettings = {
				ALWAYS_SEARCH_USER_PATHS = NO;
				CLANG_ANALYZER_NONNULL = YES;
				CLANG_ANALYZER_NUMBER_OBJECT_CONVERSION = YES_AGGRESSIVE;
				CLANG_CXX_LANGUAGE_STANDARD = "gnu++0x";
				CLANG_CXX_LIBRARY = "libc++";
				CLANG_ENABLE_MODULES = YES;
				CLANG_ENABLE_OBJC_ARC = YES;
				CLANG_WARN_BOOL_CONVERSION = YES;
				CLANG_WARN_CONSTANT_CONVERSION = YES;
				CLANG_WARN_DIRECT_OBJC_ISA_USAGE = YES_ERROR;
				CLANG_WARN_DOCUMENTATION_COMMENTS = YES;
				CLANG_WARN_EMPTY_BODY = YES;
				CLANG_WARN_ENUM_CONVERSION = YES;
				CLANG_WARN_INFINITE_RECURSION = YES;
				CLANG_WARN_INT_CONVERSION = YES;
				CLANG_WARN_OBJC_ROOT_CLASS = YES_ERROR;
				CLANG_WARN_SUSPICIOUS_MOVE = YES;
				CLANG_WARN_UNREACHABLE_CODE = YES;
				CLANG_WARN__DUPLICATE_METHOD_MATCH = YES;
				"CODE_SIGN_IDENTITY[sdk=iphoneos*]" = "iPhone Developer";
				COPY_PHASE_STRIP = NO;
				DEBUG_INFORMATION_FORMAT = "dwarf-with-dsym";
				ENABLE_NS_ASSERTIONS = NO;
				ENABLE_STRICT_OBJC_MSGSEND = YES;
				GCC_C_LANGUAGE_STANDARD = gnu99;
				GCC_NO_COMMON_BLOCKS = YES;
				GCC_WARN_64_TO_32_BIT_CONVERSION = YES;
				GCC_WARN_ABOUT_RETURN_TYPE = YES_ERROR;
				GCC_WARN_UNDECLARED_SELECTOR = YES;
				GCC_WARN_UNINITIALIZED_AUTOS = YES_AGGRESSIVE;
				GCC_WARN_UNUSED_FUNCTION = YES;
				GCC_WARN_UNUSED_VARIABLE = YES;
				IPHONEOS_DEPLOYMENT_TARGET = 10.3;
				MTL_ENABLE_DEBUG_INFO = NO;
				SDKROOT = iphoneos;
				VALIDATE_PRODUCT = YES;
			};
			name = Release;
		};
		FA245BAD1F20436B00B5F0D7 /* Debug */ = {
			isa = XCBuildConfiguration;
			baseConfigurationReference = 42F685C140D9C6FF202F386A /* Pods-CITest.debug.xcconfig */;
			buildSettings = {
				ASSETCATALOG_COMPILER_APPICON_NAME = AppIcon;
				"CODE_SIGN_IDENTITY[sdk=iphoneos*]" = "iPhone Distribution";
				DEVELOPMENT_TEAM = 862M8Q8C6F;
				INFOPLIST_FILE = CITest/Info.plist;
				LD_RUNPATH_SEARCH_PATHS = "$(inherited) @executable_path/Frameworks";
				PRODUCT_BUNDLE_IDENTIFIER = com.redlimit.yeye.CITest;
				PRODUCT_NAME = "$(TARGET_NAME)";
				PROVISIONING_PROFILE = "179e6e17-1cfb-44f3-8215-24ee2cdc7ea1";
				PROVISIONING_PROFILE_SPECIFIER = "iOS Team Store Provisioning Profile: *";
			};
			name = Debug;
		};
		FA245BAE1F20436B00B5F0D7 /* Release */ = {
			isa = XCBuildConfiguration;
			baseConfigurationReference = DC35A714589DB18C4B4FA4D4 /* Pods-CITest.release.xcconfig */;
			buildSettings = {
				ASSETCATALOG_COMPILER_APPICON_NAME = AppIcon;
				"CODE_SIGN_IDENTITY[sdk=iphoneos*]" = "iPhone Distribution";
				DEVELOPMENT_TEAM = 862M8Q8C6F;
				INFOPLIST_FILE = CITest/Info.plist;
				LD_RUNPATH_SEARCH_PATHS = "$(inherited) @executable_path/Frameworks";
				PRODUCT_BUNDLE_IDENTIFIER = com.redlimit.yeye.CITest;
				PRODUCT_NAME = "$(TARGET_NAME)";
				PROVISIONING_PROFILE = "179e6e17-1cfb-44f3-8215-24ee2cdc7ea1";
				PROVISIONING_PROFILE_SPECIFIER = "iOS Team Store Provisioning Profile: *";
			};
			name = Release;
		};
/* End XCBuildConfiguration section */

/* Begin XCConfigurationList section */
		FA245B901F20436B00B5F0D7 /* Build configuration list for PBXProject "CITest" */ = {
			isa = XCConfigurationList;
			buildConfigurations = (
				FA245BAA1F20436B00B5F0D7 /* Debug */,
				FA245BAB1F20436B00B5F0D7 /* Release */,
			);
			defaultConfigurationIsVisible = 0;
			defaultConfigurationName = Release;
		};
		FA245BAC1F20436B00B5F0D7 /* Build configuration list for PBXNativeTarget "CITest" */ = {
			isa = XCConfigurationList;
			buildConfigurations = (
				FA245BAD1F20436B00B5F0D7 /* Debug */,
				FA245BAE1F20436B00B5F0D7 /* Release */,
			);
			defaultConfigurationIsVisible = 0;
			defaultConfigurationName = Release;
		};
/* End XCConfigurationList section */
	};
	rootObject = FA245B8D1F20436B00B5F0D7 /* Project object */;
}
